{
  "version": 4,
  "terraform_version": "1.8.5",
  "serial": 3,
  "lineage": "04cc4dcb-a8f4-a4af-347b-0eb3ed094f7e",
  "outputs": {},
  "resources": [
    {
      "mode": "managed",
      "type": "github_repository",
      "name": "tf-first-repo",
      "provider": "provider[\"registry.terraform.io/hashicorp/github\"]",
      "instances": [
        {
          "schema_version": 1,
          "attributes": {
            "allow_auto_merge": false,
            "allow_merge_commit": true,
            "allow_rebase_merge": true,
            "allow_squash_merge": true,
            "allow_update_branch": false,
            "archive_on_destroy": null,
            "archived": false,
            "auto_init": true,
            "default_branch": "main",
            "delete_branch_on_merge": false,
            "description": "my first repo",
            "etag": "W/\"86eab5af8b869b744ae7dc3df090a64b746fe0741334fc1440f052673520faa5\"",
            "full_name": "frontendweb-sg/first-repo-from-tf",
            "git_clone_url": "git://github.com/frontendweb-sg/first-repo-from-tf.git",
            "gitignore_template": null,
            "has_discussions": false,
            "has_downloads": false,
            "has_issues": false,
            "has_projects": false,
            "has_wiki": false,
            "homepage_url": "",
            "html_url": "https://github.com/frontendweb-sg/first-repo-from-tf",
            "http_clone_url": "https://github.com/frontendweb-sg/first-repo-from-tf.git",
            "id": "first-repo-from-tf",
            "ignore_vulnerability_alerts_during_read": null,
            "is_template": false,
            "license_template": null,
            "merge_commit_message": "PR_TITLE",
            "merge_commit_title": "MERGE_MESSAGE",
            "name": "first-repo-from-tf",
            "node_id": "R_kgDOMIXoZA",
            "pages": [],
            "primary_language": "",
            "private": false,
            "repo_id": 814082148,
            "security_and_analysis": [
              {
                "advanced_security": [],
                "secret_scanning": [
                  {
                    "status": "enabled"
                  }
                ],
                "secret_scanning_push_protection": [
                  {
                    "status": "enabled"
                  }
                ]
              }
            ],
            "squash_merge_commit_message": "COMMIT_MESSAGES",
            "squash_merge_commit_title": "COMMIT_OR_PR_TITLE",
            "ssh_clone_url": "git@github.com:frontendweb-sg/first-repo-from-tf.git",
            "svn_url": "https://github.com/frontendweb-sg/first-repo-from-tf",
            "template": [],
            "topics": [],
            "visibility": "public",
            "vulnerability_alerts": false,
            "web_commit_signoff_required": false
          },
          "sensitive_attributes": [],
          "private": "eyJzY2hlbWFfdmVyc2lvbiI6IjEifQ=="
        }
      ]
    }
  ],
  "check_results": null
}
